// !$*UTF8*$!
{
	archiveVersion = 1;
	classes = {
	};
	objectVersion = 50;
	objects = {

/* Begin PBXBuildFile section */
		7D37BF122320CA7300DB6A8B /* ReceiptTableViewCell.swift in Sources */ = {isa = PBXBuildFile; fileRef = 7D37BF112320CA7300DB6A8B /* ReceiptTableViewCell.swift */; };
		7D833728231968B200CC9BA6 /* AppDelegate.swift in Sources */ = {isa = PBXBuildFile; fileRef = 7D833727231968B200CC9BA6 /* AppDelegate.swift */; };
		7D83372A231968B200CC9BA6 /* SceneDelegate.swift in Sources */ = {isa = PBXBuildFile; fileRef = 7D833729231968B200CC9BA6 /* SceneDelegate.swift */; };
		7D83372F231968B200CC9BA6 /* Main.storyboard in Resources */ = {isa = PBXBuildFile; fileRef = 7D83372D231968B200CC9BA6 /* Main.storyboard */; };
		7D833731231968BE00CC9BA6 /* Assets.xcassets in Resources */ = {isa = PBXBuildFile; fileRef = 7D833730231968BE00CC9BA6 /* Assets.xcassets */; };
		7D833734231968BE00CC9BA6 /* LaunchScreen.storyboard in Resources */ = {isa = PBXBuildFile; fileRef = 7D833732231968BE00CC9BA6 /* LaunchScreen.storyboard */; };
		7D83373F231968BE00CC9BA6 /* ReceiptTrackerTests.swift in Sources */ = {isa = PBXBuildFile; fileRef = 7D83373E231968BE00CC9BA6 /* ReceiptTrackerTests.swift */; };
		7D83374A231968BE00CC9BA6 /* ReceiptTrackerUITests.swift in Sources */ = {isa = PBXBuildFile; fileRef = 7D833749231968BE00CC9BA6 /* ReceiptTrackerUITests.swift */; };
		7D8337582319698500CC9BA6 /* ReceiptsTableViewController.swift in Sources */ = {isa = PBXBuildFile; fileRef = 7D8337572319698500CC9BA6 /* ReceiptsTableViewController.swift */; };
		7D83375A2319A5EA00CC9BA6 /* Receipt.swift in Sources */ = {isa = PBXBuildFile; fileRef = 7D8337592319A5EA00CC9BA6 /* Receipt.swift */; };
		7D83375E2319A84800CC9BA6 /* ReceiptStore.swift in Sources */ = {isa = PBXBuildFile; fileRef = 7D83375D2319A84800CC9BA6 /* ReceiptStore.swift */; };
		7D8337602319AA1200CC9BA6 /* ReceiptDetailViewController.swift in Sources */ = {isa = PBXBuildFile; fileRef = 7D83375F2319AA1200CC9BA6 /* ReceiptDetailViewController.swift */; };
/* End PBXBuildFile section */

/* Begin PBXContainerItemProxy section */
		7D83373B231968BE00CC9BA6 /* PBXContainerItemProxy */ = {
			isa = PBXContainerItemProxy;
			containerPortal = 7D83371C231968B200CC9BA6 /* Project object */;
			proxyType = 1;
			remoteGlobalIDString = 7D833723231968B200CC9BA6;
			remoteInfo = ReceiptTracker;
		};
		7D833746231968BE00CC9BA6 /* PBXContainerItemProxy */ = {
			isa = PBXContainerItemProxy;
			containerPortal = 7D83371C231968B200CC9BA6 /* Project object */;
			proxyType = 1;
			remoteGlobalIDString = 7D833723231968B200CC9BA6;
			remoteInfo = ReceiptTracker;
		};
/* End PBXContainerItemProxy section */

/* Begin PBXFileReference section */
		7D37BF112320CA7300DB6A8B /* ReceiptTableViewCell.swift */ = {isa = PBXFileReference; lastKnownFileType = sourcecode.swift; path = ReceiptTableViewCell.swift; sourceTree = "<group>"; };
		7D833724231968B200CC9BA6 /* ReceiptTracker.app */ = {isa = PBXFileReference; explicitFileType = wrapper.application; includeInIndex = 0; path = ReceiptTracker.app; sourceTree = BUILT_PRODUCTS_DIR; };
		7D833727231968B200CC9BA6 /* AppDelegate.swift */ = {isa = PBXFileReference; lastKnownFileType = sourcecode.swift; path = AppDelegate.swift; sourceTree = "<group>"; };
		7D833729231968B200CC9BA6 /* SceneDelegate.swift */ = {isa = PBXFileReference; lastKnownFileType = sourcecode.swift; path = SceneDelegate.swift; sourceTree = "<group>"; };
		7D83372E231968B200CC9BA6 /* Base */ = {isa = PBXFileReference; lastKnownFileType = file.storyboard; name = Base; path = Base.lproj/Main.storyboard; sourceTree = "<group>"; };
		7D833730231968BE00CC9BA6 /* Assets.xcassets */ = {isa = PBXFileReference; lastKnownFileType = folder.assetcatalog; path = Assets.xcassets; sourceTree = "<group>"; };
		7D833733231968BE00CC9BA6 /* Base */ = {isa = PBXFileReference; lastKnownFileType = file.storyboard; name = Base; path = Base.lproj/LaunchScreen.storyboard; sourceTree = "<group>"; };
		7D833735231968BE00CC9BA6 /* Info.plist */ = {isa = PBXFileReference; lastKnownFileType = text.plist.xml; path = Info.plist; sourceTree = "<group>"; };
		7D83373A231968BE00CC9BA6 /* ReceiptTrackerTests.xctest */ = {isa = PBXFileReference; explicitFileType = wrapper.cfbundle; includeInIndex = 0; path = ReceiptTrackerTests.xctest; sourceTree = BUILT_PRODUCTS_DIR; };
		7D83373E231968BE00CC9BA6 /* ReceiptTrackerTests.swift */ = {isa = PBXFileReference; lastKnownFileType = sourcecode.swift; path = ReceiptTrackerTests.swift; sourceTree = "<group>"; };
		7D833740231968BE00CC9BA6 /* Info.plist */ = {isa = PBXFileReference; lastKnownFileType = text.plist.xml; path = Info.plist; sourceTree = "<group>"; };
		7D833745231968BE00CC9BA6 /* ReceiptTrackerUITests.xctest */ = {isa = PBXFileReference; explicitFileType = wrapper.cfbundle; includeInIndex = 0; path = ReceiptTrackerUITests.xctest; sourceTree = BUILT_PRODUCTS_DIR; };
		7D833749231968BE00CC9BA6 /* ReceiptTrackerUITests.swift */ = {isa = PBXFileReference; lastKnownFileType = sourcecode.swift; path = ReceiptTrackerUITests.swift; sourceTree = "<group>"; };
		7D83374B231968BE00CC9BA6 /* Info.plist */ = {isa = PBXFileReference; lastKnownFileType = text.plist.xml; path = Info.plist; sourceTree = "<group>"; };
		7D8337572319698500CC9BA6 /* ReceiptsTableViewController.swift */ = {isa = PBXFileReference; lastKnownFileType = sourcecode.swift; path = ReceiptsTableViewController.swift; sourceTree = "<group>"; };
		7D8337592319A5EA00CC9BA6 /* Receipt.swift */ = {isa = PBXFileReference; lastKnownFileType = sourcecode.swift; path = Receipt.swift; sourceTree = "<group>"; };
		7D83375D2319A84800CC9BA6 /* ReceiptStore.swift */ = {isa = PBXFileReference; lastKnownFileType = sourcecode.swift; path = ReceiptStore.swift; sourceTree = "<group>"; };
		7D83375F2319AA1200CC9BA6 /* ReceiptDetailViewController.swift */ = {isa = PBXFileReference; lastKnownFileType = sourcecode.swift; path = ReceiptDetailViewController.swift; sourceTree = "<group>"; };
/* End PBXFileReference section */

/* Begin PBXFrameworksBuildPhase section */
		7D833721231968B200CC9BA6 /* Frameworks */ = {
			isa = PBXFrameworksBuildPhase;
			buildActionMask = 2147483647;
			files = (
			);
			runOnlyForDeploymentPostprocessing = 0;
		};
		7D833737231968BE00CC9BA6 /* Frameworks */ = {
			isa = PBXFrameworksBuildPhase;
			buildActionMask = 2147483647;
			files = (
			);
			runOnlyForDeploymentPostprocessing = 0;
		};
		7D833742231968BE00CC9BA6 /* Frameworks */ = {
			isa = PBXFrameworksBuildPhase;
			buildActionMask = 2147483647;
			files = (
			);
			runOnlyForDeploymentPostprocessing = 0;
		};
/* End PBXFrameworksBuildPhase section */

/* Begin PBXGroup section */
		7D37BF102320CA5E00DB6A8B /* Cell */ = {
			isa = PBXGroup;
			children = (
				7D37BF112320CA7300DB6A8B /* ReceiptTableViewCell.swift */,
			);
			path = Cell;
			sourceTree = "<group>";
		};
		7D83371B231968B200CC9BA6 = {
			isa = PBXGroup;
			children = (
				7D833726231968B200CC9BA6 /* ReceiptTracker */,
				7D83373D231968BE00CC9BA6 /* ReceiptTrackerTests */,
				7D833748231968BE00CC9BA6 /* ReceiptTrackerUITests */,
				7D833725231968B200CC9BA6 /* Products */,
			);
			sourceTree = "<group>";
		};
		7D833725231968B200CC9BA6 /* Products */ = {
			isa = PBXGroup;
			children = (
				7D833724231968B200CC9BA6 /* ReceiptTracker.app */,
				7D83373A231968BE00CC9BA6 /* ReceiptTrackerTests.xctest */,
				7D833745231968BE00CC9BA6 /* ReceiptTrackerUITests.xctest */,
			);
			name = Products;
			sourceTree = "<group>";
		};
		7D833726231968B200CC9BA6 /* ReceiptTracker */ = {
			isa = PBXGroup;
			children = (
				7D37BF102320CA5E00DB6A8B /* Cell */,
				7D83375C2319A78F00CC9BA6 /* Controller */,
				7D83375B2319A77E00CC9BA6 /* Model */,
				7D83372D231968B200CC9BA6 /* Main.storyboard */,
				7D833727231968B200CC9BA6 /* AppDelegate.swift */,
				7D833729231968B200CC9BA6 /* SceneDelegate.swift */,
				7D833730231968BE00CC9BA6 /* Assets.xcassets */,
				7D833732231968BE00CC9BA6 /* LaunchScreen.storyboard */,
				7D833735231968BE00CC9BA6 /* Info.plist */,
			);
			path = ReceiptTracker;
			sourceTree = "<group>";
		};
		7D83373D231968BE00CC9BA6 /* ReceiptTrackerTests */ = {
			isa = PBXGroup;
			children = (
				7D83373E231968BE00CC9BA6 /* ReceiptTrackerTests.swift */,
				7D833740231968BE00CC9BA6 /* Info.plist */,
			);
			path = ReceiptTrackerTests;
			sourceTree = "<group>";
		};
		7D833748231968BE00CC9BA6 /* ReceiptTrackerUITests */ = {
			isa = PBXGroup;
			children = (
				7D833749231968BE00CC9BA6 /* ReceiptTrackerUITests.swift */,
				7D83374B231968BE00CC9BA6 /* Info.plist */,
			);
			path = ReceiptTrackerUITests;
			sourceTree = "<group>";
		};
		7D83375B2319A77E00CC9BA6 /* Model */ = {
			isa = PBXGroup;
			children = (
				7D8337592319A5EA00CC9BA6 /* Receipt.swift */,
				7D83375D2319A84800CC9BA6 /* ReceiptStore.swift */,
			);
			path = Model;
			sourceTree = "<group>";
		};
		7D83375C2319A78F00CC9BA6 /* Controller */ = {
			isa = PBXGroup;
			children = (
				7D8337572319698500CC9BA6 /* ReceiptsTableViewController.swift */,
				7D83375F2319AA1200CC9BA6 /* ReceiptDetailViewController.swift */,
			);
			path = Controller;
			sourceTree = "<group>";
		};
/* End PBXGroup section */

/* Begin PBXNativeTarget section */
		7D833723231968B200CC9BA6 /* ReceiptTracker */ = {
			isa = PBXNativeTarget;
			buildConfigurationList = 7D83374E231968BE00CC9BA6 /* Build configuration list for PBXNativeTarget "ReceiptTracker" */;
			buildPhases = (
				7D833720231968B200CC9BA6 /* Sources */,
				7D833721231968B200CC9BA6 /* Frameworks */,
				7D833722231968B200CC9BA6 /* Resources */,
			);
			buildRules = (
			);
			dependencies = (
			);
			name = ReceiptTracker;
			productName = ReceiptTracker;
			productReference = 7D833724231968B200CC9BA6 /* ReceiptTracker.app */;
			productType = "com.apple.product-type.application";
		};
		7D833739231968BE00CC9BA6 /* ReceiptTrackerTests */ = {
			isa = PBXNativeTarget;
			buildConfigurationList = 7D833751231968BE00CC9BA6 /* Build configuration list for PBXNativeTarget "ReceiptTrackerTests" */;
			buildPhases = (
				7D833736231968BE00CC9BA6 /* Sources */,
				7D833737231968BE00CC9BA6 /* Frameworks */,
				7D833738231968BE00CC9BA6 /* Resources */,
			);
			buildRules = (
			);
			dependencies = (
				7D83373C231968BE00CC9BA6 /* PBXTargetDependency */,
			);
			name = ReceiptTrackerTests;
			productName = ReceiptTrackerTests;
			productReference = 7D83373A231968BE00CC9BA6 /* ReceiptTrackerTests.xctest */;
			productType = "com.apple.product-type.bundle.unit-test";
		};
		7D833744231968BE00CC9BA6 /* ReceiptTrackerUITests */ = {
			isa = PBXNativeTarget;
			buildConfigurationList = 7D833754231968BE00CC9BA6 /* Build configuration list for PBXNativeTarget "ReceiptTrackerUITests" */;
			buildPhases = (
				7D833741231968BE00CC9BA6 /* Sources */,
				7D833742231968BE00CC9BA6 /* Frameworks */,
				7D833743231968BE00CC9BA6 /* Resources */,
			);
			buildRules = (
			);
			dependencies = (
				7D833747231968BE00CC9BA6 /* PBXTargetDependency */,
			);
			name = ReceiptTrackerUITests;
			productName = ReceiptTrackerUITests;
			productReference = 7D833745231968BE00CC9BA6 /* ReceiptTrackerUITests.xctest */;
			productType = "com.apple.product-type.bundle.ui-testing";
		};
/* End PBXNativeTarget section */

/* Begin PBXProject section */
		7D83371C231968B200CC9BA6 /* Project object */ = {
			isa = PBXProject;
			attributes = {
				LastSwiftUpdateCheck = 1100;
				LastUpgradeCheck = 1100;
				ORGANIZATIONNAME = Simone;
				TargetAttributes = {
					7D833723231968B200CC9BA6 = {
						CreatedOnToolsVersion = 11.0;
					};
					7D833739231968BE00CC9BA6 = {
						CreatedOnToolsVersion = 11.0;
						TestTargetID = 7D833723231968B200CC9BA6;
					};
					7D833744231968BE00CC9BA6 = {
						CreatedOnToolsVersion = 11.0;
						TestTargetID = 7D833723231968B200CC9BA6;
					};
				};
			};
			buildConfigurationList = 7D83371F231968B200CC9BA6 /* Build configuration list for PBXProject "ReceiptTracker" */;
			compatibilityVersion = "Xcode 9.3";
			developmentRegion = en;
			hasScannedForEncodings = 0;
			knownRegions = (
				en,
				Base,
			);
			mainGroup = 7D83371B231968B200CC9BA6;
			productRefGroup = 7D833725231968B200CC9BA6 /* Products */;
			projectDirPath = "";
			projectRoot = "";
			targets = (
				7D833723231968B200CC9BA6 /* ReceiptTracker */,
				7D833739231968BE00CC9BA6 /* ReceiptTrackerTests */,
				7D833744231968BE00CC9BA6 /* ReceiptTrackerUITests */,
			);
		};
/* End PBXProject section */

/* Begin PBXResourcesBuildPhase section */
		7D833722231968B200CC9BA6 /* Resources */ = {
			isa = PBXResourcesBuildPhase;
			buildActionMask = 2147483647;
			files = (
				7D833734231968BE00CC9BA6 /* LaunchScreen.storyboard in Resources */,
				7D833731231968BE00CC9BA6 /* Assets.xcassets in Resources */,
				7D83372F231968B200CC9BA6 /* Main.storyboard in Resources */,
			);
			runOnlyForDeploymentPostprocessing = 0;
		};
		7D833738231968BE00CC9BA6 /* Resources */ = {
			isa = PBXResourcesBuildPhase;
			buildActionMask = 2147483647;
			files = (
			);
			runOnlyForDeploymentPostprocessing = 0;
		};
		7D833743231968BE00CC9BA6 /* Resources */ = {
			isa = PBXResourcesBuildPhase;
			buildActionMask = 2147483647;
			files = (
			);
			runOnlyForDeploymentPostprocessing = 0;
		};
/* End PBXResourcesBuildPhase section */

/* Begin PBXSourcesBuildPhase section */
		7D833720231968B200CC9BA6 /* Sources */ = {
			isa = PBXSourcesBuildPhase;
			buildActionMask = 2147483647;
			files = (
				7D83375E2319A84800CC9BA6 /* ReceiptStore.swift in Sources */,
				7D8337602319AA1200CC9BA6 /* ReceiptDetailViewController.swift in Sources */,
				7D83375A2319A5EA00CC9BA6 /* Receipt.swift in Sources */,
				7D8337582319698500CC9BA6 /* ReceiptsTableViewController.swift in Sources */,
				7D37BF122320CA7300DB6A8B /* ReceiptTableViewCell.swift in Sources */,
				7D833728231968B200CC9BA6 /* AppDelegate.swift in Sources */,
				7D83372A231968B200CC9BA6 /* SceneDelegate.swift in Sources */,
			);
			runOnlyForDeploymentPostprocessing = 0;
		};
		7D833736231968BE00CC9BA6 /* Sources */ = {
			isa = PBXSourcesBuildPhase;
			buildActionMask = 2147483647;
			files = (
				7D83373F231968BE00CC9BA6 /* ReceiptTrackerTests.swift in Sources */,
			);
			runOnlyForDeploymentPostprocessing = 0;
		};
		7D833741231968BE00CC9BA6 /* Sources */ = {
			isa = PBXSourcesBuildPhase;
			buildActionMask = 2147483647;
			files = (
				7D83374A231968BE00CC9BA6 /* ReceiptTrackerUITests.swift in Sources */,
			);
			runOnlyForDeploymentPostprocessing = 0;
		};
/* End PBXSourcesBuildPhase section */

/* Begin PBXTargetDependency section */
		7D83373C231968BE00CC9BA6 /* PBXTargetDependency */ = {
			isa = PBXTargetDependency;
			target = 7D833723231968B200CC9BA6 /* ReceiptTracker */;
			targetProxy = 7D83373B231968BE00CC9BA6 /* PBXContainerItemProxy */;
		};
		7D833747231968BE00CC9BA6 /* PBXTargetDependency */ = {
			isa = PBXTargetDependency;
			target = 7D833723231968B200CC9BA6 /* ReceiptTracker */;
			targetProxy = 7D833746231968BE00CC9BA6 /* PBXContainerItemProxy */;
		};
/* End PBXTargetDependency section */

/* Begin PBXVariantGroup section */
		7D83372D231968B200CC9BA6 /* Main.storyboard */ = {
			isa = PBXVariantGroup;
			children = (
				7D83372E231968B200CC9BA6 /* Base */,
			);
			name = Main.storyboard;
			sourceTree = "<group>";
		};
		7D833732231968BE00CC9BA6 /* LaunchScreen.storyboard */ = {
			isa = PBXVariantGroup;
			children = (
				7D833733231968BE00CC9BA6 /* Base */,
			);
			name = LaunchScreen.storyboard;
			sourceTree = "<group>";
		};
/* End PBXVariantGroup section */

/* Begin XCBuildConfiguration section */
		7D83374C231968BE00CC9BA6 /* Debug */ = {
			isa = XCBuildConfiguration;
			buildSettings = {
				ALWAYS_SEARCH_USER_PATHS = NO;
				CLANG_ANALYZER_NONNULL = YES;
				CLANG_ANALYZER_NUMBER_OBJECT_CONVERSION = YES_AGGRESSIVE;
				CLANG_CXX_LANGUAGE_STANDARD = "gnu++14";
				CLANG_CXX_LIBRARY = "libc++";
				CLANG_ENABLE_MODULES = YES;
				CLANG_ENABLE_OBJC_ARC = YES;
				CLANG_ENABLE_OBJC_WEAK = YES;
				CLANG_WARN_BLOCK_CAPTURE_AUTORELEASING = YES;
				CLANG_WARN_BOOL_CONVERSION = YES;
				CLANG_WARN_COMMA = YES;
				CLANG_WARN_CONSTANT_CONVERSION = YES;
				CLANG_WARN_DEPRECATED_OBJC_IMPLEMENTATIONS = YES;
				CLANG_WARN_DIRECT_OBJC_ISA_USAGE = YES_ERROR;
				CLANG_WARN_DOCUMENTATION_COMMENTS = YES;
				CLANG_WARN_EMPTY_BODY = YES;
				CLANG_WARN_ENUM_CONVERSION = YES;
				CLANG_WARN_INFINITE_RECURSION = YES;
				CLANG_WARN_INT_CONVERSION = YES;
				CLANG_WARN_NON_LITERAL_NULL_CONVERSION = YES;
				CLANG_WARN_OBJC_IMPLICIT_RETAIN_SELF = YES;
				CLANG_WARN_OBJC_LITERAL_CONVERSION = YES;
				CLANG_WARN_OBJC_ROOT_CLASS = YES_ERROR;
				CLANG_WARN_RANGE_LOOP_ANALYSIS = YES;
				CLANG_WARN_STRICT_PROTOTYPES = YES;
				CLANG_WARN_SUSPICIOUS_MOVE = YES;
				CLANG_WARN_UNGUARDED_AVAILABILITY = YES_AGGRESSIVE;
				CLANG_WARN_UNREACHABLE_CODE = YES;
				CLANG_WARN__DUPLICATE_METHOD_MATCH = YES;
				COPY_PHASE_STRIP = NO;
				DEBUG_INFORMATION_FORMAT = dwarf;
				ENABLE_STRICT_OBJC_MSGSEND = YES;
				ENABLE_TESTABILITY = YES;
				GCC_C_LANGUAGE_STANDARD = gnu11;
				GCC_DYNAMIC_NO_PIC = NO;
				GCC_NO_COMMON_BLOCKS = YES;
				GCC_OPTIMIZATION_LEVEL = 0;
				GCC_PREPROCESSOR_DEFINITIONS = (
					"DEBUG=1",
					"$(inherited)",
				);
				GCC_WARN_64_TO_32_BIT_CONVERSION = YES;
				GCC_WARN_ABOUT_RETURN_TYPE = YES_ERROR;
				GCC_WARN_UNDECLARED_SELECTOR = YES;
				GCC_WARN_UNINITIALIZED_AUTOS = YES_AGGRESSIVE;
				GCC_WARN_UNUSED_FUNCTION = YES;
				GCC_WARN_UNUSED_VARIABLE = YES;
				IPHONEOS_DEPLOYMENT_TARGET = 13.0;
				MTL_ENABLE_DEBUG_INFO = INCLUDE_SOURCE;
				MTL_FAST_MATH = YES;
				ONLY_ACTIVE_ARCH = YES;
				SDKROOT = iphoneos;
				SWIFT_ACTIVE_COMPILATION_CONDITIONS = DEBUG;
				SWIFT_OPTIMIZATION_LEVEL = "-Onone";
			};
			name = Debug;
		};
		7D83374D231968BE00CC9BA6 /* Release */ = {
			isa = XCBuildConfiguration;
			buildSettings = {
				ALWAYS_SEARCH_USER_PATHS = NO;
				CLANG_ANALYZER_NONNULL = YES;
				CLANG_ANALYZER_NUMBER_OBJECT_CONVERSION = YES_AGGRESSIVE;
				CLANG_CXX_LANGUAGE_STANDARD = "gnu++14";
				CLANG_CXX_LIBRARY = "libc++";
				CLANG_ENABLE_MODULES = YES;
				CLANG_ENABLE_OBJC_ARC = YES;
				CLANG_ENABLE_OBJC_WEAK = YES;
				CLANG_WARN_BLOCK_CAPTURE_AUTORELEASING = YES;
				CLANG_WARN_BOOL_CONVERSION = YES;
				CLANG_WARN_COMMA = YES;
				CLANG_WARN_CONSTANT_CONVERSION = YES;
				CLANG_WARN_DEPRECATED_OBJC_IMPLEMENTATIONS = YES;
				CLANG_WARN_DIRECT_OBJC_ISA_USAGE = YES_ERROR;
				CLANG_WARN_DOCUMENTATION_COMMENTS = YES;
				CLANG_WARN_EMPTY_BODY = YES;
				CLANG_WARN_ENUM_CONVERSION = YES;
				CLANG_WARN_INFINITE_RECURSION = YES;
				CLANG_WARN_INT_CONVERSION = YES;
				CLANG_WARN_NON_LITERAL_NULL_CONVERSION = YES;
				CLANG_WARN_OBJC_IMPLICIT_RETAIN_SELF = YES;
				CLANG_WARN_OBJC_LITERAL_CONVERSION = YES;
				CLANG_WARN_OBJC_ROOT_CLASS = YES_ERROR;
				CLANG_WARN_RANGE_LOOP_ANALYSIS = YES;
				CLANG_WARN_STRICT_PROTOTYPES = YES;
				CLANG_WARN_SUSPICIOUS_MOVE = YES;
				CLANG_WARN_UNGUARDED_AVAILABILITY = YES_AGGRESSIVE;
				CLANG_WARN_UNREACHABLE_CODE = YES;
				CLANG_WARN__DUPLICATE_METHOD_MATCH = YES;
				COPY_PHASE_STRIP = NO;
				DEBUG_INFORMATION_FORMAT = "dwarf-with-dsym";
				ENABLE_NS_ASSERTIONS = NO;
				ENABLE_STRICT_OBJC_MSGSEND = YES;
				GCC_C_LANGUAGE_STANDARD = gnu11;
				GCC_NO_COMMON_BLOCKS = YES;
				GCC_WARN_64_TO_32_BIT_CONVERSION = YES;
				GCC_WARN_ABOUT_RETURN_TYPE = YES_ERROR;
				GCC_WARN_UNDECLARED_SELECTOR = YES;
				GCC_WARN_UNINITIALIZED_AUTOS = YES_AGGRESSIVE;
				GCC_WARN_UNUSED_FUNCTION = YES;
				GCC_WARN_UNUSED_VARIABLE = YES;
				IPHONEOS_DEPLOYMENT_TARGET = 13.0;
				MTL_ENABLE_DEBUG_INFO = NO;
				MTL_FAST_MATH = YES;
				SDKROOT = iphoneos;
				SWIFT_COMPILATION_MODE = wholemodule;
				SWIFT_OPTIMIZATION_LEVEL = "-O";
				VALIDATE_PRODUCT = YES;
			};
			name = Release;
		};
		7D83374F231968BE00CC9BA6 /* Debug */ = {
			isa = XCBuildConfiguration;
			buildSettings = {
				ASSETCATALOG_COMPILER_APPICON_NAME = AppIcon;
				CODE_SIGN_STYLE = Automatic;
				INFOPLIST_FILE = ReceiptTracker/Info.plist;
				LD_RUNPATH_SEARCH_PATHS = (
					"$(inherited)",
					"@executable_path/Frameworks",
				);
				PRODUCT_BUNDLE_IDENTIFIER = sim.ReceiptTracker;
				PRODUCT_NAME = "$(TARGET_NAME)";
				SWIFT_VERSION = 5.0;
				TARGETED_DEVICE_FAMILY = "1,2";
			};
			name = Debug;
		};
		7D833750231968BE00CC9BA6 /* Release */ = {
			isa = XCBuildConfiguration;
			buildSettings = {
				ASSETCATALOG_COMPILER_APPICON_NAME = AppIcon;
				CODE_SIGN_STYLE = Automatic;
				INFOPLIST_FILE = ReceiptTracker/Info.plist;
				LD_RUNPATH_SEARCH_PATHS = (
					"$(inherited)",
					"@executable_path/Frameworks",
				);
				PRODUCT_BUNDLE_IDENTIFIER = sim.ReceiptTracker;
				PRODUCT_NAME = "$(TARGET_NAME)";
				SWIFT_VERSION = 5.0;
				TARGETED_DEVICE_FAMILY = "1,2";
			};
			name = Release;
		};
		7D833752231968BE00CC9BA6 /* Debug */ = {
			isa = XCBuildConfiguration;
			buildSettings = {
				ALWAYS_EMBED_SWIFT_STANDARD_LIBRARIES = YES;
				BUNDLE_LOADER = "$(TEST_HOST)";
				CODE_SIGN_STYLE = Automatic;
				INFOPLIST_FILE = ReceiptTrackerTests/Info.plist;
				LD_RUNPATH_SEARCH_PATHS = (
					"$(inherited)",
					"@executable_path/Frameworks",
					"@loader_path/Frameworks",
				);
				PRODUCT_BUNDLE_IDENTIFIER = sim.ReceiptTrackerTests;
				PRODUCT_NAME = "$(TARGET_NAME)";
				SWIFT_VERSION = 5.0;
				TARGETED_DEVICE_FAMILY = "1,2";
				TEST_HOST = "$(BUILT_PRODUCTS_DIR)/ReceiptTracker.app/ReceiptTracker";
			};
			name = Debug;
		};
		7D833753231968BE00CC9BA6 /* Release */ = {
			isa = XCBuildConfiguration;
			buildSettings = {
				ALWAYS_EMBED_SWIFT_STANDARD_LIBRARIES = YES;
				BUNDLE_LOADER = "$(TEST_HOST)";
				CODE_SIGN_STYLE = Automatic;
				INFOPLIST_FILE = ReceiptTrackerTests/Info.plist;
				LD_RUNPATH_SEARCH_PATHS = (
					"$(inherited)",
					"@executable_path/Frameworks",
					"@loader_path/Frameworks",
				);
				PRODUCT_BUNDLE_IDENTIFIER = sim.ReceiptTrackerTests;
				PRODUCT_NAME = "$(TARGET_NAME)";
				SWIFT_VERSION = 5.0;
				TARGETED_DEVICE_FAMILY = "1,2";
				TEST_HOST = "$(BUILT_PRODUCTS_DIR)/ReceiptTracker.app/ReceiptTracker";
			};
			name = Release;
		};
		7D833755231968BE00CC9BA6 /* Debug */ = {
			isa = XCBuildConfiguration;
			buildSettings = {
				ALWAYS_EMBED_SWIFT_STANDARD_LIBRARIES = YES;
				CODE_SIGN_STYLE = Automatic;
				INFOPLIST_FILE = ReceiptTrackerUITests/Info.plist;
				LD_RUNPATH_SEARCH_PATHS = (
					"$(inherited)",
					"@executable_path/Frameworks",
					"@loader_path/Frameworks",
				);
				PRODUCT_BUNDLE_IDENTIFIER = sim.ReceiptTrackerUITests;
				PRODUCT_NAME = "$(TARGET_NAME)";
				SWIFT_VERSION = 5.0;
				TARGETED_DEVICE_FAMILY = "1,2";
				TEST_TARGET_NAME = ReceiptTracker;
			};
			name = Debug;
		};
		7D833756231968BE00CC9BA6 /* Release */ = {
			isa = XCBuildConfiguration;
			buildSettings = {
				ALWAYS_EMBED_SWIFT_STANDARD_LIBRARIES = YES;
				CODE_SIGN_STYLE = Automatic;
				INFOPLIST_FILE = ReceiptTrackerUITests/Info.plist;
				LD_RUNPATH_SEARCH_PATHS = (
					"$(inherited)",
					"@executable_path/Frameworks",
					"@loader_path/Frameworks",
				);
				PRODUCT_BUNDLE_IDENTIFIER = sim.ReceiptTrackerUITests;
				PRODUCT_NAME = "$(TARGET_NAME)";
				SWIFT_VERSION = 5.0;
				TARGETED_DEVICE_FAMILY = "1,2";
				TEST_TARGET_NAME = ReceiptTracker;
			};
			name = Release;
		};
/* End XCBuildConfiguration section */

/* Begin XCConfigurationList section */
		7D83371F231968B200CC9BA6 /* Build configuration list for PBXProject "ReceiptTracker" */ = {
			isa = XCConfigurationList;
			buildConfigurations = (
				7D83374C231968BE00CC9BA6 /* Debug */,
				7D83374D231968BE00CC9BA6 /* Release */,
			);
			defaultConfigurationIsVisible = 0;
			defaultConfigurationName = Release;
		};
		7D83374E231968BE00CC9BA6 /* Build configuration list for PBXNativeTarget "ReceiptTracker" */ = {
			isa = XCConfigurationList;
			buildConfigurations = (
				7D83374F231968BE00CC9BA6 /* Debug */,
				7D833750231968BE00CC9BA6 /* Release */,
			);
			defaultConfigurationIsVisible = 0;
			defaultConfigurationName = Release;
		};
		7D833751231968BE00CC9BA6 /* Build configuration list for PBXNativeTarget "ReceiptTrackerTests" */ = {
			isa = XCConfigurationList;
			buildConfigurations = (
				7D833752231968BE00CC9BA6 /* Debug */,
				7D833753231968BE00CC9BA6 /* Release */,
			);
			defaultConfigurationIsVisible = 0;
			defaultConfigurationName = Release;
		};
		7D833754231968BE00CC9BA6 /* Build configuration list for PBXNativeTarget "ReceiptTrackerUITests" */ = {
			isa = XCConfigurationList;
			buildConfigurations = (
				7D833755231968BE00CC9BA6 /* Debug */,
				7D833756231968BE00CC9BA6 /* Release */,
			);
			defaultConfigurationIsVisible = 0;
			defaultConfigurationName = Release;
		};
/* End XCConfigurationList section */
	};
	rootObject = 7D83371C231968B200CC9BA6 /* Project object */;
}
